{
  "name": "@junow/mono",
  "version": "2.2.2-beta.1",
  "lockfileVersion": 1,
  "requires": true,
  "dependencies": {
    "@junow/shared": {
      "version": "1.0.0-beta.1",
      "resolved": "https://registry.npmjs.org/@junow/shared/-/shared-1.0.0-beta.1.tgz",
      "integrity": "sha512-w3Um95VhnKbq40+p4iID8AV4NGHBpOGOjYCgjvTMv6IZMo69PYUq1giiYHNkjs0ZbZfLXnDHETCjE2TIZwy3EQ=="
    }
  }
}
